
Microsoft Visual Studio Solution File, Format Version 12.00
# Visual Studio 2012
Project("{FAE04EC0-301F-11D3-BF4B-00C04F79EFBC}") = "EV3MessengerLib", "EV3MessengerLib.csproj", "{8E0915A9-BAAC-4CBC-A489-A699B61ED83E}"
EndProject
Global
	GlobalSection(SolutionConfigurationPlatforms) = preSolution
		Debug|Any CPU = Debug|Any CPU
		Release|Any CPU = Release|Any CPU
	EndGlobalSection
	GlobalSection(ProjectConfigurationPlatforms) = postSolution
		{8E0915A9-BAAC-4CBC-A489-A699B61ED83E}.Debug|Any CPU.ActiveCfg = Debug|Any CPU
		{8E0915A9-BAAC-4CBC-A489-A699B61ED83E}.Debug|Any CPU.Build.0 = Debug|Any CPU
		{8E0915A9-BAAC-4CBC-A489-A699B61ED83E}.Release|Any CPU.ActiveCfg = Release|Any CPU
		{8E0915A9-BAAC-4CBC-A489-A699B61ED83E}.Release|Any CPU.Build.0 = Release|Any CPU
	EndGlobalSection
EndGlobal
